
Microsoft Visual Studio Solution File, Format Version 12.00
# Visual Studio Version 17
VisualStudioVersion = 17.14.36518.9 d17.14
MinimumVisualStudioVersion = 10.0.40219.1
Project("{FAE04EC0-301F-11D3-BF4B-00C04F79EFBC}") = "SuperCircle", "SuperCircle\SuperCircle.csproj", "{EBB42C1A-08D6-43CB-BB7F-DB835BD5A5F6}"
EndProject
Global
	GlobalSection(SolutionConfigurationPlatforms) = preSolution
		Debug|Any CPU = Debug|Any CPU
		Release|Any CPU = Release|Any CPU
	EndGlobalSection
	GlobalSection(ProjectConfigurationPlatforms) = postSolution
		{EBB42C1A-08D6-43CB-BB7F-DB835BD5A5F6}.Debug|Any CPU.ActiveCfg = Debug|Any CPU
		{EBB42C1A-08D6-43CB-BB7F-DB835BD5A5F6}.Debug|Any CPU.Build.0 = Debug|Any CPU
		{EBB42C1A-08D6-43CB-BB7F-DB835BD5A5F6}.Release|Any CPU.ActiveCfg = Release|Any CPU
		{EBB42C1A-08D6-43CB-BB7F-DB835BD5A5F6}.Release|Any CPU.Build.0 = Release|Any CPU
	EndGlobalSection
	GlobalSection(SolutionProperties) = preSolution
		HideSolutionNode = FALSE
	EndGlobalSection
	GlobalSection(ExtensibilityGlobals) = postSolution
		SolutionGuid = {0AC5D30F-3480-49C4-8EBD-70310FA8EAB9}
	EndGlobalSection
EndGlobal
